Microsoft Visual Studio Solution File, Format Version 12.00
# Visual Studio Version 17
VisualStudioVersion = 17.5.2.0
MinimumVisualStudioVersion = 10.0.40219.1
Project("{FAE04EC0-301F-11D3-BF4B-00C04F79EFBC}") = "ngc", "ngc.csproj", "{50947A21-FA63-BDBB-D7C5-46B78252523E}"
EndProject
Global
	GlobalSection(SolutionConfigurationPlatforms) = preSolution
		Debug|Any CPU = Debug|Any CPU
		Release|Any CPU = Release|Any CPU
	EndGlobalSection
	GlobalSection(ProjectConfigurationPlatforms) = postSolution
		{50947A21-FA63-BDBB-D7C5-46B78252523E}.Debug|Any CPU.ActiveCfg = Debug|Any CPU
		{50947A21-FA63-BDBB-D7C5-46B78252523E}.Debug|Any CPU.Build.0 = Debug|Any CPU
		{50947A21-FA63-BDBB-D7C5-46B78252523E}.Release|Any CPU.ActiveCfg = Release|Any CPU
		{50947A21-FA63-BDBB-D7C5-46B78252523E}.Release|Any CPU.Build.0 = Release|Any CPU
	EndGlobalSection
	GlobalSection(SolutionProperties) = preSolution
		HideSolutionNode = FALSE
	EndGlobalSection
	GlobalSection(ExtensibilityGlobals) = postSolution
		SolutionGuid = {025070CE-18B5-4AC7-B779-3E6FBF661E6F}
	EndGlobalSection
EndGlobal
